
Microsoft Visual Studio Solution File, Format Version 12.00
# Visual Studio Version 17
VisualStudioVersion = 17.1.32328.378
MinimumVisualStudioVersion = 10.0.40219.1
Project("{FAE04EC0-301F-11D3-BF4B-00C04F79EFBC}") = "Calculadora", "Calculadora\Calculadora.csproj", "{80EC97EB-78B3-4D84-8C13-7E528CA3491E}"
EndProject
Project("{FAE04EC0-301F-11D3-BF4B-00C04F79EFBC}") = "Calculadora.Test", "Calculadora.Test\Calculadora.Test.csproj", "{BF13BDB3-A944-4CE1-B879-2AB6F0B3C7D9}"
EndProject
Global
	GlobalSection(SolutionConfigurationPlatforms) = preSolution
		Debug|Any CPU = Debug|Any CPU
		Release|Any CPU = Release|Any CPU
	EndGlobalSection
	GlobalSection(ProjectConfigurationPlatforms) = postSolution
		{80EC97EB-78B3-4D84-8C13-7E528CA3491E}.Debug|Any CPU.ActiveCfg = Debug|Any CPU
		{80EC97EB-78B3-4D84-8C13-7E528CA3491E}.Debug|Any CPU.Build.0 = Debug|Any CPU
		{80EC97EB-78B3-4D84-8C13-7E528CA3491E}.Release|Any CPU.ActiveCfg = Release|Any CPU
		{80EC97EB-78B3-4D84-8C13-7E528CA3491E}.Release|Any CPU.Build.0 = Release|Any CPU
		{BF13BDB3-A944-4CE1-B879-2AB6F0B3C7D9}.Debug|Any CPU.ActiveCfg = Debug|Any CPU
		{BF13BDB3-A944-4CE1-B879-2AB6F0B3C7D9}.Debug|Any CPU.Build.0 = Debug|Any CPU
		{BF13BDB3-A944-4CE1-B879-2AB6F0B3C7D9}.Release|Any CPU.ActiveCfg = Release|Any CPU
		{BF13BDB3-A944-4CE1-B879-2AB6F0B3C7D9}.Release|Any CPU.Build.0 = Release|Any CPU
	EndGlobalSection
	GlobalSection(SolutionProperties) = preSolution
		HideSolutionNode = FALSE
	EndGlobalSection
	GlobalSection(ExtensibilityGlobals) = postSolution
		SolutionGuid = {11F9E1C1-10D9-4204-99DE-E529F6ED4AB6}
	EndGlobalSection
EndGlobal
